
Microsoft Visual Studio Solution File, Format Version 12.00
# Visual Studio Version 17
VisualStudioVersion = 17.6.33723.286
MinimumVisualStudioVersion = 10.0.40219.1
Project("{FAE04EC0-301F-11D3-BF4B-00C04F79EFBC}") = "WindowsService", "WindowsService\WindowsService.csproj", "{164D9B56-5444-440B-B750-B1853AAB16FF}"
EndProject
Global
	GlobalSection(SolutionConfigurationPlatforms) = preSolution
		Debug|Any CPU = Debug|Any CPU
		Release|Any CPU = Release|Any CPU
	EndGlobalSection
	GlobalSection(ProjectConfigurationPlatforms) = postSolution
		{164D9B56-5444-440B-B750-B1853AAB16FF}.Debug|Any CPU.ActiveCfg = Debug|Any CPU
		{164D9B56-5444-440B-B750-B1853AAB16FF}.Debug|Any CPU.Build.0 = Debug|Any CPU
		{164D9B56-5444-440B-B750-B1853AAB16FF}.Release|Any CPU.ActiveCfg = Release|Any CPU
		{164D9B56-5444-440B-B750-B1853AAB16FF}.Release|Any CPU.Build.0 = Release|Any CPU
	EndGlobalSection
	GlobalSection(SolutionProperties) = preSolution
		HideSolutionNode = FALSE
	EndGlobalSection
	GlobalSection(ExtensibilityGlobals) = postSolution
		SolutionGuid = {77659A49-51A9-4130-9880-4697B0C37B4F}
	EndGlobalSection
EndGlobal
