
Microsoft Visual Studio Solution File, Format Version 12.00
# Visual Studio Version 17
VisualStudioVersion = 17.6.33723.286
MinimumVisualStudioVersion = 10.0.40219.1
Project("{FAE04EC0-301F-11D3-BF4B-00C04F79EFBC}") = "FuseeProj", "FuseeProj\FuseeProj.csproj", "{53F6E625-6CC8-4018-B349-44AD93411FA6}"
EndProject
Global
	GlobalSection(SolutionConfigurationPlatforms) = preSolution
		Debug|Any CPU = Debug|Any CPU
		Release|Any CPU = Release|Any CPU
	EndGlobalSection
	GlobalSection(ProjectConfigurationPlatforms) = postSolution
		{53F6E625-6CC8-4018-B349-44AD93411FA6}.Debug|Any CPU.ActiveCfg = Debug|Any CPU
		{53F6E625-6CC8-4018-B349-44AD93411FA6}.Debug|Any CPU.Build.0 = Debug|Any CPU
		{53F6E625-6CC8-4018-B349-44AD93411FA6}.Release|Any CPU.ActiveCfg = Release|Any CPU
		{53F6E625-6CC8-4018-B349-44AD93411FA6}.Release|Any CPU.Build.0 = Release|Any CPU
	EndGlobalSection
	GlobalSection(SolutionProperties) = preSolution
		HideSolutionNode = FALSE
	EndGlobalSection
	GlobalSection(ExtensibilityGlobals) = postSolution
		SolutionGuid = {995E0F9C-E37E-4829-A27E-B4F7EA9AB946}
	EndGlobalSection
EndGlobal
